
Microsoft Visual Studio Solution File, Format Version 12.00
Project("{2150E333-8FDC-42A3-9474-1A3956D46DE8}") = "src", "src", "{467BC193-3DFA-4D65-9CD3-758D5013CBA8}"
EndProject
Project("{FAE04EC0-301F-11D3-BF4B-00C04F79EFBC}") = "WSS.API", "src\WSS.API\WSS.API.csproj", "{24810029-96B4-4731-AD1E-62CD9F2B0861}"
EndProject
Project("{2150E333-8FDC-42A3-9474-1A3956D46DE8}") = "docs", "docs", "{61E39AA3-8F89-4B0D-B3C3-209E4C339A83}"
	ProjectSection(SolutionItems) = preProject
		README.md = README.md
	EndProjectSection
EndProject
Project("{FAE04EC0-301F-11D3-BF4B-00C04F79EFBC}") = "L.Core", "src\L.Core\L.Core.csproj", "{60D68D2E-8BA7-4311-A13C-581FC4C11C0C}"
EndProject
Global
	GlobalSection(SolutionConfigurationPlatforms) = preSolution
		Debug|Any CPU = Debug|Any CPU
		Release|Any CPU = Release|Any CPU
	EndGlobalSection
	GlobalSection(NestedProjects) = preSolution
		{24810029-96B4-4731-AD1E-62CD9F2B0861} = {467BC193-3DFA-4D65-9CD3-758D5013CBA8}
		{60D68D2E-8BA7-4311-A13C-581FC4C11C0C} = {467BC193-3DFA-4D65-9CD3-758D5013CBA8}
	EndGlobalSection
	GlobalSection(ProjectConfigurationPlatforms) = postSolution
		{24810029-96B4-4731-AD1E-62CD9F2B0861}.Debug|Any CPU.ActiveCfg = Debug|Any CPU
		{24810029-96B4-4731-AD1E-62CD9F2B0861}.Debug|Any CPU.Build.0 = Debug|Any CPU
		{24810029-96B4-4731-AD1E-62CD9F2B0861}.Release|Any CPU.ActiveCfg = Release|Any CPU
		{24810029-96B4-4731-AD1E-62CD9F2B0861}.Release|Any CPU.Build.0 = Release|Any CPU
		{60D68D2E-8BA7-4311-A13C-581FC4C11C0C}.Debug|Any CPU.ActiveCfg = Debug|Any CPU
		{60D68D2E-8BA7-4311-A13C-581FC4C11C0C}.Debug|Any CPU.Build.0 = Debug|Any CPU
		{60D68D2E-8BA7-4311-A13C-581FC4C11C0C}.Release|Any CPU.ActiveCfg = Release|Any CPU
		{60D68D2E-8BA7-4311-A13C-581FC4C11C0C}.Release|Any CPU.Build.0 = Release|Any CPU
	EndGlobalSection
EndGlobal
